
Microsoft Visual Studio Solution File, Format Version 12.00
# Visual Studio Version 17
VisualStudioVersion = 17.5.33516.290
MinimumVisualStudioVersion = 10.0.40219.1
Project("{FAE04EC0-301F-11D3-BF4B-00C04F79EFBC}") = "To-Do_WPF", "To-Do_WPF\To-Do_WPF.csproj", "{558A427A-B7C0-460C-B394-542CFF0515E5}"
EndProject
Global
	GlobalSection(SolutionConfigurationPlatforms) = preSolution
		Debug|Any CPU = Debug|Any CPU
		Release|Any CPU = Release|Any CPU
	EndGlobalSection
	GlobalSection(ProjectConfigurationPlatforms) = postSolution
		{558A427A-B7C0-460C-B394-542CFF0515E5}.Debug|Any CPU.ActiveCfg = Debug|Any CPU
		{558A427A-B7C0-460C-B394-542CFF0515E5}.Debug|Any CPU.Build.0 = Debug|Any CPU
		{558A427A-B7C0-460C-B394-542CFF0515E5}.Release|Any CPU.ActiveCfg = Release|Any CPU
		{558A427A-B7C0-460C-B394-542CFF0515E5}.Release|Any CPU.Build.0 = Release|Any CPU
	EndGlobalSection
	GlobalSection(SolutionProperties) = preSolution
		HideSolutionNode = FALSE
	EndGlobalSection
	GlobalSection(ExtensibilityGlobals) = postSolution
		SolutionGuid = {65E8B060-7716-4CD3-A693-053BB22895CB}
	EndGlobalSection
EndGlobal
